<?xml version="1.0" encoding="utf-8"?>
<Project ToolsVersion="4.0" xmlns="http://schemas.microsoft.com/developer/msbuild/2003">
  <ItemGroup>
    <Filter Include="data">
      <UniqueIdentifier>{f45c7a07-6d22-4752-96a6-903a20683f45}</UniqueIdentifier>
    </Filter>
    <Filter Include="include">
      <UniqueIdentifier>{3fde3791-ff6d-49d8-afec-a2d625eb0ae3}</UniqueIdentifier>
    </Filter>
    <Filter Include="src">
      <UniqueIdentifier>{51af1a52-486b-4349-bb98-f236f82178c8}</UniqueIdentifier>
    </Filter>
    <Filter Include="include\models">
      <UniqueIdentifier>{0a0cb916-ffeb-4134-9603-cb05fe4ad837}</UniqueIdentifier>
    </Filter>
    <Filter Include="include\repositories">
      <UniqueIdentifier>{d4284139-adec-403d-9e74-5dbe91bfe52f}</UniqueIdentifier>
    </Filter>
    <Filter Include="include\services">
      <UniqueIdentifier>{d067d08e-c463-4da7-9dc5-2b94d1586e9e}</UniqueIdentifier>
    </Filter>
    <Filter Include="src\repositories">
      <UniqueIdentifier>{93995380-89BD-4b04-88EB-625FBE52EBFB}</UniqueIdentifier>
      <Extensions>h;hh;hpp;hxx;h++;hm;inl;inc;ipp;xsd</Extensions>
    </Filter>
    <Filter Include="src\services">
      <UniqueIdentifier>{ba6f41ef-1e38-486a-8f5f-36dc9ad9f632}</UniqueIdentifier>
    </Filter>
    <Filter Include="include\storage">
      <UniqueIdentifier>{f5ff8448-5d5c-4d86-b9ba-358a95615cad}</UniqueIdentifier>
    </Filter>
    <Filter Include="src\storage">
      <UniqueIdentifier>{67DA6AB6-F800-4c08-8B7A-83BB121AAD01}</UniqueIdentifier>
      <Extensions>rc;ico;cur;bmp;dlg;rc2;rct;bin;rgs;gif;jpg;jpeg;jpe;resx;tiff;tif;png;wav;mfcribbon-ms</Extensions>
    </Filter>
    <Filter Include="src\models">
      <UniqueIdentifier>{fbf4634f-49e5-49d1-99be-4ffe11f5f7c4}</UniqueIdentifier>
    </Filter>
  </ItemGroup>
  <ItemGroup>
    <ClCompile Include="Patient.cpp">
      <Filter>src\models</Filter>
    </ClCompile>
    <ClCompile Include="Doctor.cpp">
      <Filter>src\models</Filter>
    </ClCompile>
    <ClCompile Include="Appointment.cpp">
      <Filter>src\models</Filter>
    </ClCompile>
    <ClCompile Include="HospitalService.cpp">
      <Filter>src\services</Filter>
    </ClCompile>
    <ClCompile Include="FileManager.cpp">
      <Filter>src\storage</Filter>
    </ClCompile>
    <ClCompile Include="AppointmentRepository.cpp">
      <Filter>src\repositories</Filter>
    </ClCompile>
    <ClCompile Include="DoctorRepository.cpp">
      <Filter>src\repositories</Filter>
    </ClCompile>
    <ClCompile Include="PatientRepository.cpp">
      <Filter>src\repositories</Filter>
    </ClCompile>
    <ClCompile Include="Hospital_Management_System_Cpp.cpp">
      <Filter>src</Filter>
    </ClCompile>
    <ClCompile Include="Person.cpp">
      <Filter>src\models</Filter>
    </ClCompile>
  </ItemGroup>
  <ItemGroup>
    <None Include="..\.gitignore" />
    <None Include="..\README.md" />
  </ItemGroup>
  <ItemGroup>
    <Text Include="..\CMakeLists.txt" />
    <Text Include="patients.txt">
      <Filter>data</Filter>
    </Text>
    <Text Include="doctors.txt">
      <Filter>data</Filter>
    </Text>
    <Text Include="appointments.txt">
      <Filter>data</Filter>
    </Text>
    <Text Include="ToDo.md" />
  </ItemGroup>
  <ItemGroup>
    <ClInclude Include="AppointmentRepository.h">
      <Filter>include\repositories</Filter>
    </ClInclude>
    <ClInclude Include="DoctorRepository.h">
      <Filter>include\repositories</Filter>
    </ClInclude>
    <ClInclude Include="PatientRepository.h">
      <Filter>include\repositories</Filter>
    </ClInclude>
    <ClInclude Include="HospitalService.h">
      <Filter>include\services</Filter>
    </ClInclude>
    <ClInclude Include="FileManager.h">
      <Filter>include\storage</Filter>
    </ClInclude>
    <ClInclude Include="Appointment.h">
      <Filter>include\models</Filter>
    </ClInclude>
    <ClInclude Include="Doctor.h">
      <Filter>include\models</Filter>
    </ClInclude>
    <ClInclude Include="Patient.h">
      <Filter>include\models</Filter>
    </ClInclude>
    <ClInclude Include="Person.h">
      <Filter>include\models</Filter>
    </ClInclude>
  </ItemGroup>
</Project>